# This file is automatically @generated by Cargo.
# It is not intended for manual editing.
version = 4

[[package]]
name = "asset_pipeline"
version = "0.1.0"

[[package]]
name = "cli"
version = "0.1.0"

[[package]]
name = "figma_client"
version = "0.1.0"

[[package]]
name = "figma_normalizer"
version = "0.1.0"

[[package]]
name = "layout_infer"
version = "0.1.0"

[[package]]
name = "orchestrator"
version = "0.1.0"

[[package]]
name = "review_report"
version = "0.1.0"

[[package]]
name = "swiftui_ast"
version = "0.1.0"

[[package]]
name = "swiftui_codegen"
version = "0.1.0"

[[package]]
name = "ui_spec"
version = "0.1.0"
